{
    "name": "password-generator",
    "version": "1.0.0",
    "lockfileVersion": 2,
    "requires": true,
    "packages": {
        "": {
            "name": "password-generator",
            "version": "1.0.0",
            "license": "MIT",
            "dependencies": {
                "chalk": "^5.0.1",
                "openssl-nodejs": "^1.0.5"
            },
            "engines": {
                "node": ">=14.17.3"
            }
        },
        "node_modules/chalk": {
            "version": "5.0.1",
            "resolved": "https://registry.npmjs.org/chalk/-/chalk-5.0.1.tgz",
            "integrity": "sha512-Fo07WOYGqMfCWHOzSXOt2CxDbC6skS/jO9ynEcmpANMoPrD+W1r1K6Vx7iNm+AQmETU1Xr2t+n8nzkV9t6xh3w==",
            "engines": {
                "node": "^12.17.0 || ^14.13 || >=16.0.0"
            },
            "funding": {
                "url": "https://github.com/chalk/chalk?sponsor=1"
            }
        },
        "node_modules/openssl-nodejs": {
            "version": "1.0.5",
            "resolved": "https://registry.npmjs.org/openssl-nodejs/-/openssl-nodejs-1.0.5.tgz",
            "integrity": "sha512-6+nxZBw96nK1WUk5yIjhv9NRjqtNTfklB508T64BG5TQ8fU1x1rJrc1I3iVW+31KjnYYYwInGTopYxFJa7wMqA=="
        }
    },
    "dependencies": {
        "chalk": {
            "version": "5.0.1",
            "resolved": "https://registry.npmjs.org/chalk/-/chalk-5.0.1.tgz",
            "integrity": "sha512-Fo07WOYGqMfCWHOzSXOt2CxDbC6skS/jO9ynEcmpANMoPrD+W1r1K6Vx7iNm+AQmETU1Xr2t+n8nzkV9t6xh3w=="
        },
        "openssl-nodejs": {
            "version": "1.0.5",
            "resolved": "https://registry.npmjs.org/openssl-nodejs/-/openssl-nodejs-1.0.5.tgz",
            "integrity": "sha512-6+nxZBw96nK1WUk5yIjhv9NRjqtNTfklB508T64BG5TQ8fU1x1rJrc1I3iVW+31KjnYYYwInGTopYxFJa7wMqA=="
        }
    }
}
